
Microsoft Visual Studio Solution File, Format Version 12.00
# Visual Studio Version 16
VisualStudioVersion = 16.0.30503.244
MinimumVisualStudioVersion = 10.0.40219.1
Project("{9A19103F-16F7-4668-BE54-9A1E7A4F7556}") = "EmployeeManagement.Models", "EmployeeManagement.Models.csproj", "{F222B1DB-19C5-48CE-8B39-506B8A2DC78F}"
EndProject
Project("{9A19103F-16F7-4668-BE54-9A1E7A4F7556}") = "EmployeeManagement-BlazorApp", "..\EmployeeManagement-BlazorApp\EmployeeManagement-BlazorApp.csproj", "{83A2B3B6-93D5-4DE5-B40C-FB144CE0E19D}"
EndProject
Project("{FAE04EC0-301F-11D3-BF4B-00C04F79EFBC}") = "EmployeeManagement.Api", "..\EmployeeManagement.Api\EmployeeManagement.Api.csproj", "{935AFE15-5C2B-4D75-BE78-12586398019C}"
EndProject
Global
	GlobalSection(SolutionConfigurationPlatforms) = preSolution
		Debug|Any CPU = Debug|Any CPU
		Release|Any CPU = Release|Any CPU
	EndGlobalSection
	GlobalSection(ProjectConfigurationPlatforms) = postSolution
		{F222B1DB-19C5-48CE-8B39-506B8A2DC78F}.Debug|Any CPU.ActiveCfg = Debug|Any CPU
		{F222B1DB-19C5-48CE-8B39-506B8A2DC78F}.Debug|Any CPU.Build.0 = Debug|Any CPU
		{F222B1DB-19C5-48CE-8B39-506B8A2DC78F}.Release|Any CPU.ActiveCfg = Release|Any CPU
		{F222B1DB-19C5-48CE-8B39-506B8A2DC78F}.Release|Any CPU.Build.0 = Release|Any CPU
		{83A2B3B6-93D5-4DE5-B40C-FB144CE0E19D}.Debug|Any CPU.ActiveCfg = Debug|Any CPU
		{83A2B3B6-93D5-4DE5-B40C-FB144CE0E19D}.Debug|Any CPU.Build.0 = Debug|Any CPU
		{83A2B3B6-93D5-4DE5-B40C-FB144CE0E19D}.Release|Any CPU.ActiveCfg = Release|Any CPU
		{83A2B3B6-93D5-4DE5-B40C-FB144CE0E19D}.Release|Any CPU.Build.0 = Release|Any CPU
		{935AFE15-5C2B-4D75-BE78-12586398019C}.Debug|Any CPU.ActiveCfg = Debug|Any CPU
		{935AFE15-5C2B-4D75-BE78-12586398019C}.Debug|Any CPU.Build.0 = Debug|Any CPU
		{935AFE15-5C2B-4D75-BE78-12586398019C}.Release|Any CPU.ActiveCfg = Release|Any CPU
		{935AFE15-5C2B-4D75-BE78-12586398019C}.Release|Any CPU.Build.0 = Release|Any CPU
	EndGlobalSection
	GlobalSection(SolutionProperties) = preSolution
		HideSolutionNode = FALSE
	EndGlobalSection
	GlobalSection(ExtensibilityGlobals) = postSolution
		SolutionGuid = {D22C6DE6-6CD7-43E5-B2A5-C6186D8DAE80}
	EndGlobalSection
EndGlobal
